
Microsoft Visual Studio Solution File, Format Version 12.00
# Visual Studio 15
VisualStudioVersion = 15.0.28307.1401
MinimumVisualStudioVersion = 10.0.40219.1
Project("{FAE04EC0-301F-11D3-BF4B-00C04F79EFBC}") = "MyTestApp", "MyTestApp\MyTestApp.csproj", "{E1961728-D408-450C-97EC-0F525A18D087}"
EndProject
Global
	GlobalSection(SolutionConfigurationPlatforms) = preSolution
		Debug|Any CPU = Debug|Any CPU
		Release|Any CPU = Release|Any CPU
	EndGlobalSection
	GlobalSection(ProjectConfigurationPlatforms) = postSolution
		{E1961728-D408-450C-97EC-0F525A18D087}.Debug|Any CPU.ActiveCfg = Debug|Any CPU
		{E1961728-D408-450C-97EC-0F525A18D087}.Debug|Any CPU.Build.0 = Debug|Any CPU
		{E1961728-D408-450C-97EC-0F525A18D087}.Release|Any CPU.ActiveCfg = Release|Any CPU
		{E1961728-D408-450C-97EC-0F525A18D087}.Release|Any CPU.Build.0 = Release|Any CPU
	EndGlobalSection
	GlobalSection(SolutionProperties) = preSolution
		HideSolutionNode = FALSE
	EndGlobalSection
	GlobalSection(ExtensibilityGlobals) = postSolution
		SolutionGuid = {812F349A-1D7A-4FAD-A7E2-7A78C615515E}
	EndGlobalSection
EndGlobal
